
Microsoft Visual Studio Solution File, Format Version 12.00
# Visual Studio Version 16
VisualStudioVersion = 16.0.30002.166
MinimumVisualStudioVersion = 10.0.40219.1
Project("{FAE04EC0-301F-11D3-BF4B-00C04F79EFBC}") = "XF_FirstRun.Android", "XF_FirstRun\XF_FirstRun.Android\XF_FirstRun.Android.csproj", "{70E5E778-2A33-4120-91D4-8F764F16F01E}"
EndProject
Project("{FAE04EC0-301F-11D3-BF4B-00C04F79EFBC}") = "XF_FirstRun.iOS", "XF_FirstRun\XF_FirstRun.iOS\XF_FirstRun.iOS.csproj", "{6637D90A-8FAF-482E-A0CB-F532CFFDDDF2}"
EndProject
Project("{9A19103F-16F7-4668-BE54-9A1E7A4F7556}") = "XF_FirstRun", "XF_FirstRun\XF_FirstRun\XF_FirstRun.csproj", "{F691213F-FD21-4D01-82BB-3E57DC334ABC}"
EndProject
Project("{9A19103F-16F7-4668-BE54-9A1E7A4F7556}") = "ShoppingList.Core", "XF_FirstRun\ShoppingList.Core\ShoppingList.Core.csproj", "{29D48E84-60B4-4B2F-AB9D-E066439D01D2}"
EndProject
Project("{9A19103F-16F7-4668-BE54-9A1E7A4F7556}") = "ShoppingList.WebApi", "XF_FirstRun\ShoppingList.WebApi\ShoppingList.WebApi.csproj", "{ED2F70C6-51EC-4105-8C5B-799C4BBF7CFD}"
EndProject
Global
	GlobalSection(SolutionConfigurationPlatforms) = preSolution
		Debug|Any CPU = Debug|Any CPU
		Debug|iPhone = Debug|iPhone
		Debug|iPhoneSimulator = Debug|iPhoneSimulator
		Release|Any CPU = Release|Any CPU
		Release|iPhone = Release|iPhone
		Release|iPhoneSimulator = Release|iPhoneSimulator
	EndGlobalSection
	GlobalSection(ProjectConfigurationPlatforms) = postSolution
		{70E5E778-2A33-4120-91D4-8F764F16F01E}.Debug|Any CPU.ActiveCfg = Debug|Any CPU
		{70E5E778-2A33-4120-91D4-8F764F16F01E}.Debug|Any CPU.Build.0 = Debug|Any CPU
		{70E5E778-2A33-4120-91D4-8F764F16F01E}.Debug|Any CPU.Deploy.0 = Debug|Any CPU
		{70E5E778-2A33-4120-91D4-8F764F16F01E}.Debug|iPhone.ActiveCfg = Debug|Any CPU
		{70E5E778-2A33-4120-91D4-8F764F16F01E}.Debug|iPhone.Build.0 = Debug|Any CPU
		{70E5E778-2A33-4120-91D4-8F764F16F01E}.Debug|iPhone.Deploy.0 = Debug|Any CPU
		{70E5E778-2A33-4120-91D4-8F764F16F01E}.Debug|iPhoneSimulator.ActiveCfg = Debug|Any CPU
		{70E5E778-2A33-4120-91D4-8F764F16F01E}.Debug|iPhoneSimulator.Build.0 = Debug|Any CPU
		{70E5E778-2A33-4120-91D4-8F764F16F01E}.Debug|iPhoneSimulator.Deploy.0 = Debug|Any CPU
		{70E5E778-2A33-4120-91D4-8F764F16F01E}.Release|Any CPU.ActiveCfg = Release|Any CPU
		{70E5E778-2A33-4120-91D4-8F764F16F01E}.Release|Any CPU.Build.0 = Release|Any CPU
		{70E5E778-2A33-4120-91D4-8F764F16F01E}.Release|Any CPU.Deploy.0 = Release|Any CPU
		{70E5E778-2A33-4120-91D4-8F764F16F01E}.Release|iPhone.ActiveCfg = Release|Any CPU
		{70E5E778-2A33-4120-91D4-8F764F16F01E}.Release|iPhone.Build.0 = Release|Any CPU
		{70E5E778-2A33-4120-91D4-8F764F16F01E}.Release|iPhone.Deploy.0 = Release|Any CPU
		{70E5E778-2A33-4120-91D4-8F764F16F01E}.Release|iPhoneSimulator.ActiveCfg = Release|Any CPU
		{70E5E778-2A33-4120-91D4-8F764F16F01E}.Release|iPhoneSimulator.Build.0 = Release|Any CPU
		{70E5E778-2A33-4120-91D4-8F764F16F01E}.Release|iPhoneSimulator.Deploy.0 = Release|Any CPU
		{6637D90A-8FAF-482E-A0CB-F532CFFDDDF2}.Debug|Any CPU.ActiveCfg = Debug|iPhone
		{6637D90A-8FAF-482E-A0CB-F532CFFDDDF2}.Debug|Any CPU.Build.0 = Debug|iPhone
		{6637D90A-8FAF-482E-A0CB-F532CFFDDDF2}.Debug|Any CPU.Deploy.0 = Debug|iPhone
		{6637D90A-8FAF-482E-A0CB-F532CFFDDDF2}.Debug|iPhone.ActiveCfg = Debug|iPhone
		{6637D90A-8FAF-482E-A0CB-F532CFFDDDF2}.Debug|iPhone.Build.0 = Debug|iPhone
		{6637D90A-8FAF-482E-A0CB-F532CFFDDDF2}.Debug|iPhone.Deploy.0 = Debug|iPhone
		{6637D90A-8FAF-482E-A0CB-F532CFFDDDF2}.Debug|iPhoneSimulator.ActiveCfg = Debug|iPhoneSimulator
		{6637D90A-8FAF-482E-A0CB-F532CFFDDDF2}.Debug|iPhoneSimulator.Build.0 = Debug|iPhoneSimulator
		{6637D90A-8FAF-482E-A0CB-F532CFFDDDF2}.Debug|iPhoneSimulator.Deploy.0 = Debug|iPhoneSimulator
		{6637D90A-8FAF-482E-A0CB-F532CFFDDDF2}.Release|Any CPU.ActiveCfg = Release|iPhone
		{6637D90A-8FAF-482E-A0CB-F532CFFDDDF2}.Release|Any CPU.Build.0 = Release|iPhone
		{6637D90A-8FAF-482E-A0CB-F532CFFDDDF2}.Release|Any CPU.Deploy.0 = Release|iPhone
		{6637D90A-8FAF-482E-A0CB-F532CFFDDDF2}.Release|iPhone.ActiveCfg = Release|iPhone
		{6637D90A-8FAF-482E-A0CB-F532CFFDDDF2}.Release|iPhone.Build.0 = Release|iPhone
		{6637D90A-8FAF-482E-A0CB-F532CFFDDDF2}.Release|iPhone.Deploy.0 = Release|iPhone
		{6637D90A-8FAF-482E-A0CB-F532CFFDDDF2}.Release|iPhoneSimulator.ActiveCfg = Release|iPhoneSimulator
		{6637D90A-8FAF-482E-A0CB-F532CFFDDDF2}.Release|iPhoneSimulator.Build.0 = Release|iPhoneSimulator
		{6637D90A-8FAF-482E-A0CB-F532CFFDDDF2}.Release|iPhoneSimulator.Deploy.0 = Release|iPhoneSimulator
		{F691213F-FD21-4D01-82BB-3E57DC334ABC}.Debug|Any CPU.ActiveCfg = Debug|Any CPU
		{F691213F-FD21-4D01-82BB-3E57DC334ABC}.Debug|Any CPU.Build.0 = Debug|Any CPU
		{F691213F-FD21-4D01-82BB-3E57DC334ABC}.Debug|Any CPU.Deploy.0 = Debug|Any CPU
		{F691213F-FD21-4D01-82BB-3E57DC334ABC}.Debug|iPhone.ActiveCfg = Debug|Any CPU
		{F691213F-FD21-4D01-82BB-3E57DC334ABC}.Debug|iPhone.Build.0 = Debug|Any CPU
		{F691213F-FD21-4D01-82BB-3E57DC334ABC}.Debug|iPhone.Deploy.0 = Debug|Any CPU
		{F691213F-FD21-4D01-82BB-3E57DC334ABC}.Debug|iPhoneSimulator.ActiveCfg = Debug|Any CPU
		{F691213F-FD21-4D01-82BB-3E57DC334ABC}.Debug|iPhoneSimulator.Build.0 = Debug|Any CPU
		{F691213F-FD21-4D01-82BB-3E57DC334ABC}.Debug|iPhoneSimulator.Deploy.0 = Debug|Any CPU
		{F691213F-FD21-4D01-82BB-3E57DC334ABC}.Release|Any CPU.ActiveCfg = Release|Any CPU
		{F691213F-FD21-4D01-82BB-3E57DC334ABC}.Release|Any CPU.Build.0 = Release|Any CPU
		{F691213F-FD21-4D01-82BB-3E57DC334ABC}.Release|Any CPU.Deploy.0 = Release|Any CPU
		{F691213F-FD21-4D01-82BB-3E57DC334ABC}.Release|iPhone.ActiveCfg = Release|Any CPU
		{F691213F-FD21-4D01-82BB-3E57DC334ABC}.Release|iPhone.Build.0 = Release|Any CPU
		{F691213F-FD21-4D01-82BB-3E57DC334ABC}.Release|iPhone.Deploy.0 = Release|Any CPU
		{F691213F-FD21-4D01-82BB-3E57DC334ABC}.Release|iPhoneSimulator.ActiveCfg = Release|Any CPU
		{F691213F-FD21-4D01-82BB-3E57DC334ABC}.Release|iPhoneSimulator.Build.0 = Release|Any CPU
		{F691213F-FD21-4D01-82BB-3E57DC334ABC}.Release|iPhoneSimulator.Deploy.0 = Release|Any CPU
		{29D48E84-60B4-4B2F-AB9D-E066439D01D2}.Debug|Any CPU.ActiveCfg = Debug|Any CPU
		{29D48E84-60B4-4B2F-AB9D-E066439D01D2}.Debug|Any CPU.Build.0 = Debug|Any CPU
		{29D48E84-60B4-4B2F-AB9D-E066439D01D2}.Debug|iPhone.ActiveCfg = Debug|Any CPU
		{29D48E84-60B4-4B2F-AB9D-E066439D01D2}.Debug|iPhone.Build.0 = Debug|Any CPU
		{29D48E84-60B4-4B2F-AB9D-E066439D01D2}.Debug|iPhoneSimulator.ActiveCfg = Debug|Any CPU
		{29D48E84-60B4-4B2F-AB9D-E066439D01D2}.Debug|iPhoneSimulator.Build.0 = Debug|Any CPU
		{29D48E84-60B4-4B2F-AB9D-E066439D01D2}.Release|Any CPU.ActiveCfg = Release|Any CPU
		{29D48E84-60B4-4B2F-AB9D-E066439D01D2}.Release|Any CPU.Build.0 = Release|Any CPU
		{29D48E84-60B4-4B2F-AB9D-E066439D01D2}.Release|iPhone.ActiveCfg = Release|Any CPU
		{29D48E84-60B4-4B2F-AB9D-E066439D01D2}.Release|iPhone.Build.0 = Release|Any CPU
		{29D48E84-60B4-4B2F-AB9D-E066439D01D2}.Release|iPhoneSimulator.ActiveCfg = Release|Any CPU
		{29D48E84-60B4-4B2F-AB9D-E066439D01D2}.Release|iPhoneSimulator.Build.0 = Release|Any CPU
		{ED2F70C6-51EC-4105-8C5B-799C4BBF7CFD}.Debug|Any CPU.ActiveCfg = Debug|Any CPU
		{ED2F70C6-51EC-4105-8C5B-799C4BBF7CFD}.Debug|Any CPU.Build.0 = Debug|Any CPU
		{ED2F70C6-51EC-4105-8C5B-799C4BBF7CFD}.Debug|iPhone.ActiveCfg = Debug|Any CPU
		{ED2F70C6-51EC-4105-8C5B-799C4BBF7CFD}.Debug|iPhone.Build.0 = Debug|Any CPU
		{ED2F70C6-51EC-4105-8C5B-799C4BBF7CFD}.Debug|iPhoneSimulator.ActiveCfg = Debug|Any CPU
		{ED2F70C6-51EC-4105-8C5B-799C4BBF7CFD}.Debug|iPhoneSimulator.Build.0 = Debug|Any CPU
		{ED2F70C6-51EC-4105-8C5B-799C4BBF7CFD}.Release|Any CPU.ActiveCfg = Release|Any CPU
		{ED2F70C6-51EC-4105-8C5B-799C4BBF7CFD}.Release|Any CPU.Build.0 = Release|Any CPU
		{ED2F70C6-51EC-4105-8C5B-799C4BBF7CFD}.Release|iPhone.ActiveCfg = Release|Any CPU
		{ED2F70C6-51EC-4105-8C5B-799C4BBF7CFD}.Release|iPhone.Build.0 = Release|Any CPU
		{ED2F70C6-51EC-4105-8C5B-799C4BBF7CFD}.Release|iPhoneSimulator.ActiveCfg = Release|Any CPU
		{ED2F70C6-51EC-4105-8C5B-799C4BBF7CFD}.Release|iPhoneSimulator.Build.0 = Release|Any CPU
	EndGlobalSection
	GlobalSection(SolutionProperties) = preSolution
		HideSolutionNode = FALSE
	EndGlobalSection
	GlobalSection(ExtensibilityGlobals) = postSolution
		SolutionGuid = {FED98F55-0DC1-43AA-9804-010AACACA7CC}
	EndGlobalSection
EndGlobal
